// !$*UTF8*$!
{
	archiveVersion = 1;
	classes = {
	};
	objectVersion = 46;
	objects = {

/* Begin PBXBuildFile section */
		55069C081B813CBC00CDD0DB /* ICGAppDelegate.m in Sources */ = {isa = PBXBuildFile; fileRef = 55069C071B813CBC00CDD0DB /* ICGAppDelegate.m */; };
		55069C0A1B813CBC00CDD0DB /* main.m in Sources */ = {isa = PBXBuildFile; fileRef = 55069C091B813CBC00CDD0DB /* main.m */; };
		55069C0C1B813CBC00CDD0DB /* Images.xcassets in Resources */ = {isa = PBXBuildFile; fileRef = 55069C0B1B813CBC00CDD0DB /* Images.xcassets */; };
		55069C0F1B813CBC00CDD0DB /* MainMenu.xib in Resources */ = {isa = PBXBuildFile; fileRef = 55069C0D1B813CBC00CDD0DB /* MainMenu.xib */; };
		55069C1B1B813CBC00CDD0DB /* InterconnectTests.m in Sources */ = {isa = PBXBuildFile; fileRef = 55069C1A1B813CBC00CDD0DB /* InterconnectTests.m */; };
		5545094F1B87FE010037DCF5 /* SterntalerWalkAnimation1.png in Resources */ = {isa = PBXBuildFile; fileRef = 554509451B87FE010037DCF5 /* SterntalerWalkAnimation1.png */; };
		554509501B87FE010037DCF5 /* SterntalerWalkAnimationR1.png in Resources */ = {isa = PBXBuildFile; fileRef = 554509461B87FE010037DCF5 /* SterntalerWalkAnimationR1.png */; };
		554509511B87FE010037DCF5 /* SterntalerWalkAnimation2.png in Resources */ = {isa = PBXBuildFile; fileRef = 554509471B87FE010037DCF5 /* SterntalerWalkAnimation2.png */; };
		554509521B87FE010037DCF5 /* SterntalerWalkAnimationR2.png in Resources */ = {isa = PBXBuildFile; fileRef = 554509481B87FE010037DCF5 /* SterntalerWalkAnimationR2.png */; };
		554509531B87FE010037DCF5 /* SterntalerWalkAnimation3.png in Resources */ = {isa = PBXBuildFile; fileRef = 554509491B87FE010037DCF5 /* SterntalerWalkAnimation3.png */; };
		554509541B87FE010037DCF5 /* SterntalerWalkAnimationR3.png in Resources */ = {isa = PBXBuildFile; fileRef = 5545094A1B87FE010037DCF5 /* SterntalerWalkAnimationR3.png */; };
		554509551B87FE010037DCF5 /* SterntalerWalkAnimation4.png in Resources */ = {isa = PBXBuildFile; fileRef = 5545094B1B87FE010037DCF5 /* SterntalerWalkAnimation4.png */; };
		554509561B87FE010037DCF5 /* SterntalerWalkAnimationR4.png in Resources */ = {isa = PBXBuildFile; fileRef = 5545094C1B87FE010037DCF5 /* SterntalerWalkAnimationR4.png */; };
		554509571B87FE010037DCF5 /* SterntalerWalkAnimation5.png in Resources */ = {isa = PBXBuildFile; fileRef = 5545094D1B87FE010037DCF5 /* SterntalerWalkAnimation5.png */; };
		554509581B87FE010037DCF5 /* SterntalerWalkAnimationR5.png in Resources */ = {isa = PBXBuildFile; fileRef = 5545094E1B87FE010037DCF5 /* SterntalerWalkAnimationR5.png */; };
		557247241B87D83B00747C6A /* ICGGameTool.m in Sources */ = {isa = PBXBuildFile; fileRef = 557247231B87D83B00747C6A /* ICGGameTool.m */; };
		557247271B87D8A300747C6A /* ICGGameItem.m in Sources */ = {isa = PBXBuildFile; fileRef = 557247261B87D8A300747C6A /* ICGGameItem.m */; };
		557DBEE81B88877800470F05 /* ICGActor.m in Sources */ = {isa = PBXBuildFile; fileRef = 557DBEE71B88877800470F05 /* ICGActor.m */; };
		557DBEEC1B88A3F200470F05 /* ICGAnimation.m in Sources */ = {isa = PBXBuildFile; fileRef = 557DBEEB1B88A3F200470F05 /* ICGAnimation.m */; };
		55A82B471B86A9FE00E21718 /* ICGGameView.m in Sources */ = {isa = PBXBuildFile; fileRef = 55A82B461B86A9FE00E21718 /* ICGGameView.m */; };
/* End PBXBuildFile section */

/* Begin PBXContainerItemProxy section */
		55069C151B813CBC00CDD0DB /* PBXContainerItemProxy */ = {
			isa = PBXContainerItemProxy;
			containerPortal = 55069BF91B813CBC00CDD0DB /* Project object */;
			proxyType = 1;
			remoteGlobalIDString = 55069C001B813CBC00CDD0DB;
			remoteInfo = Interconnect;
		};
/* End PBXContainerItemProxy section */

/* Begin PBXFileReference section */
		55069C011B813CBC00CDD0DB /* Interconnect.app */ = {isa = PBXFileReference; explicitFileType = wrapper.application; includeInIndex = 0; path = Interconnect.app; sourceTree = BUILT_PRODUCTS_DIR; };
		55069C051B813CBC00CDD0DB /* Info.plist */ = {isa = PBXFileReference; lastKnownFileType = text.plist.xml; path = Info.plist; sourceTree = "<group>"; };
		55069C061B813CBC00CDD0DB /* ICGAppDelegate.h */ = {isa = PBXFileReference; lastKnownFileType = sourcecode.c.h; path = ICGAppDelegate.h; sourceTree = "<group>"; };
		55069C071B813CBC00CDD0DB /* ICGAppDelegate.m */ = {isa = PBXFileReference; lastKnownFileType = sourcecode.c.objc; path = ICGAppDelegate.m; sourceTree = "<group>"; };
		55069C091B813CBC00CDD0DB /* main.m */ = {isa = PBXFileReference; lastKnownFileType = sourcecode.c.objc; path = main.m; sourceTree = "<group>"; };
		55069C0B1B813CBC00CDD0DB /* Images.xcassets */ = {isa = PBXFileReference; lastKnownFileType = folder.assetcatalog; path = Images.xcassets; sourceTree = "<group>"; };
		55069C0E1B813CBC00CDD0DB /* Base */ = {isa = PBXFileReference; lastKnownFileType = file.xib; name = Base; path = Base.lproj/MainMenu.xib; sourceTree = "<group>"; };
		55069C141B813CBC00CDD0DB /* InterconnectTests.xctest */ = {isa = PBXFileReference; explicitFileType = wrapper.cfbundle; includeInIndex = 0; path = InterconnectTests.xctest; sourceTree = BUILT_PRODUCTS_DIR; };
		55069C191B813CBC00CDD0DB /* Info.plist */ = {isa = PBXFileReference; lastKnownFileType = text.plist.xml; path = Info.plist; sourceTree = "<group>"; };
		55069C1A1B813CBC00CDD0DB /* InterconnectTests.m */ = {isa = PBXFileReference; lastKnownFileType = sourcecode.c.objc; path = InterconnectTests.m; sourceTree = "<group>"; };
		554509451B87FE010037DCF5 /* SterntalerWalkAnimation1.png */ = {isa = PBXFileReference; lastKnownFileType = image.png; path = SterntalerWalkAnimation1.png; sourceTree = SOURCE_ROOT; };
		554509461B87FE010037DCF5 /* SterntalerWalkAnimationR1.png */ = {isa = PBXFileReference; lastKnownFileType = image.png; path = SterntalerWalkAnimationR1.png; sourceTree = SOURCE_ROOT; };
		554509471B87FE010037DCF5 /* SterntalerWalkAnimation2.png */ = {isa = PBXFileReference; lastKnownFileType = image.png; path = SterntalerWalkAnimation2.png; sourceTree = SOURCE_ROOT; };
		554509481B87FE010037DCF5 /* SterntalerWalkAnimationR2.png */ = {isa = PBXFileReference; lastKnownFileType = image.png; path = SterntalerWalkAnimationR2.png; sourceTree = SOURCE_ROOT; };
		554509491B87FE010037DCF5 /* SterntalerWalkAnimation3.png */ = {isa = PBXFileReference; lastKnownFileType = image.png; path = SterntalerWalkAnimation3.png; sourceTree = SOURCE_ROOT; };
		5545094A1B87FE010037DCF5 /* SterntalerWalkAnimationR3.png */ = {isa = PBXFileReference; lastKnownFileType = image.png; path = SterntalerWalkAnimationR3.png; sourceTree = SOURCE_ROOT; };
		5545094B1B87FE010037DCF5 /* SterntalerWalkAnimation4.png */ = {isa = PBXFileReference; lastKnownFileType = image.png; path = SterntalerWalkAnimation4.png; sourceTree = SOURCE_ROOT; };
		5545094C1B87FE010037DCF5 /* SterntalerWalkAnimationR4.png */ = {isa = PBXFileReference; lastKnownFileType = image.png; path = SterntalerWalkAnimationR4.png; sourceTree = SOURCE_ROOT; };
		5545094D1B87FE010037DCF5 /* SterntalerWalkAnimation5.png */ = {isa = PBXFileReference; lastKnownFileType = image.png; path = SterntalerWalkAnimation5.png; sourceTree = SOURCE_ROOT; };
		5545094E1B87FE010037DCF5 /* SterntalerWalkAnimationR5.png */ = {isa = PBXFileReference; lastKnownFileType = image.png; path = SterntalerWalkAnimationR5.png; sourceTree = SOURCE_ROOT; };
		557247221B87D83B00747C6A /* ICGGameTool.h */ = {isa = PBXFileReference; fileEncoding = 4; lastKnownFileType = sourcecode.c.h; path = ICGGameTool.h; sourceTree = "<group>"; };
		557247231B87D83B00747C6A /* ICGGameTool.m */ = {isa = PBXFileReference; fileEncoding = 4; lastKnownFileType = sourcecode.c.objc; path = ICGGameTool.m; sourceTree = "<group>"; };
		557247251B87D8A300747C6A /* ICGGameItem.h */ = {isa = PBXFileReference; fileEncoding = 4; lastKnownFileType = sourcecode.c.h; path = ICGGameItem.h; sourceTree = "<group>"; };
		557247261B87D8A300747C6A /* ICGGameItem.m */ = {isa = PBXFileReference; fileEncoding = 4; lastKnownFileType = sourcecode.c.objc; path = ICGGameItem.m; sourceTree = "<group>"; };
		557DBEE61B88877800470F05 /* ICGActor.h */ = {isa = PBXFileReference; fileEncoding = 4; lastKnownFileType = sourcecode.c.h; path = ICGActor.h; sourceTree = "<group>"; };
		557DBEE71B88877800470F05 /* ICGActor.m */ = {isa = PBXFileReference; fileEncoding = 4; lastKnownFileType = sourcecode.c.objc; path = ICGActor.m; sourceTree = "<group>"; };
		557DBEEA1B88A3F200470F05 /* ICGAnimation.h */ = {isa = PBXFileReference; fileEncoding = 4; lastKnownFileType = sourcecode.c.h; path = ICGAnimation.h; sourceTree = "<group>"; };
		557DBEEB1B88A3F200470F05 /* ICGAnimation.m */ = {isa = PBXFileReference; fileEncoding = 4; lastKnownFileType = sourcecode.c.objc; path = ICGAnimation.m; sourceTree = "<group>"; };
		55A82B451B86A9FE00E21718 /* ICGGameView.h */ = {isa = PBXFileReference; fileEncoding = 4; lastKnownFileType = sourcecode.c.h; path = ICGGameView.h; sourceTree = "<group>"; };
		55A82B461B86A9FE00E21718 /* ICGGameView.m */ = {isa = PBXFileReference; fileEncoding = 4; lastKnownFileType = sourcecode.c.objc; path = ICGGameView.m; sourceTree = "<group>"; };
/* End PBXFileReference section */

/* Begin PBXFrameworksBuildPhase section */
		55069BFE1B813CBC00CDD0DB /* Frameworks */ = {
			isa = PBXFrameworksBuildPhase;
			buildActionMask = 2147483647;
			files = (
			);
			runOnlyForDeploymentPostprocessing = 0;
		};
		55069C111B813CBC00CDD0DB /* Frameworks */ = {
			isa = PBXFrameworksBuildPhase;
			buildActionMask = 2147483647;
			files = (
			);
			runOnlyForDeploymentPostprocessing = 0;
		};
/* End PBXFrameworksBuildPhase section */

/* Begin PBXGroup section */
		55069BF81B813CBC00CDD0DB = {
			isa = PBXGroup;
			children = (
				55069C031B813CBC00CDD0DB /* Interconnect */,
				55069C171B813CBC00CDD0DB /* InterconnectTests */,
				55069C021B813CBC00CDD0DB /* Products */,
			);
			sourceTree = "<group>";
		};
		55069C021B813CBC00CDD0DB /* Products */ = {
			isa = PBXGroup;
			children = (
				55069C011B813CBC00CDD0DB /* Interconnect.app */,
				55069C141B813CBC00CDD0DB /* InterconnectTests.xctest */,
			);
			name = Products;
			sourceTree = "<group>";
		};
		55069C031B813CBC00CDD0DB /* Interconnect */ = {
			isa = PBXGroup;
			children = (
				55069C061B813CBC00CDD0DB /* ICGAppDelegate.h */,
				55069C071B813CBC00CDD0DB /* ICGAppDelegate.m */,
				557DBEE91B888BB100470F05 /* Engine */,
				55069C0B1B813CBC00CDD0DB /* Images.xcassets */,
				554509451B87FE010037DCF5 /* SterntalerWalkAnimation1.png */,
				554509461B87FE010037DCF5 /* SterntalerWalkAnimationR1.png */,
				554509471B87FE010037DCF5 /* SterntalerWalkAnimation2.png */,
				554509481B87FE010037DCF5 /* SterntalerWalkAnimationR2.png */,
				554509491B87FE010037DCF5 /* SterntalerWalkAnimation3.png */,
				5545094A1B87FE010037DCF5 /* SterntalerWalkAnimationR3.png */,
				5545094B1B87FE010037DCF5 /* SterntalerWalkAnimation4.png */,
				5545094C1B87FE010037DCF5 /* SterntalerWalkAnimationR4.png */,
				5545094D1B87FE010037DCF5 /* SterntalerWalkAnimation5.png */,
				5545094E1B87FE010037DCF5 /* SterntalerWalkAnimationR5.png */,
				55069C0D1B813CBC00CDD0DB /* MainMenu.xib */,
				55069C041B813CBC00CDD0DB /* Supporting Files */,
			);
			path = Interconnect;
			sourceTree = "<group>";
		};
		55069C041B813CBC00CDD0DB /* Supporting Files */ = {
			isa = PBXGroup;
			children = (
				55069C051B813CBC00CDD0DB /* Info.plist */,
				55069C091B813CBC00CDD0DB /* main.m */,
			);
			name = "Supporting Files";
			sourceTree = "<group>";
		};
		55069C171B813CBC00CDD0DB /* InterconnectTests */ = {
			isa = PBXGroup;
			children = (
				55069C1A1B813CBC00CDD0DB /* InterconnectTests.m */,
				55069C181B813CBC00CDD0DB /* Supporting Files */,
			);
			path = InterconnectTests;
			sourceTree = "<group>";
		};
		55069C181B813CBC00CDD0DB /* Supporting Files */ = {
			isa = PBXGroup;
			children = (
				55069C191B813CBC00CDD0DB /* Info.plist */,
			);
			name = "Supporting Files";
			sourceTree = "<group>";
		};
		557DBEE91B888BB100470F05 /* Engine */ = {
			isa = PBXGroup;
			children = (
				55A82B451B86A9FE00E21718 /* ICGGameView.h */,
				55A82B461B86A9FE00E21718 /* ICGGameView.m */,
				557247221B87D83B00747C6A /* ICGGameTool.h */,
				557247231B87D83B00747C6A /* ICGGameTool.m */,
				557247251B87D8A300747C6A /* ICGGameItem.h */,
				557247261B87D8A300747C6A /* ICGGameItem.m */,
				557DBEE61B88877800470F05 /* ICGActor.h */,
				557DBEE71B88877800470F05 /* ICGActor.m */,
				557DBEEA1B88A3F200470F05 /* ICGAnimation.h */,
				557DBEEB1B88A3F200470F05 /* ICGAnimation.m */,
			);
			name = Engine;
			sourceTree = "<group>";
		};
/* End PBXGroup section */

/* Begin PBXNativeTarget section */
		55069C001B813CBC00CDD0DB /* Interconnect */ = {
			isa = PBXNativeTarget;
			buildConfigurationList = 55069C1E1B813CBC00CDD0DB /* Build configuration list for PBXNativeTarget "Interconnect" */;
			buildPhases = (
				55069BFD1B813CBC00CDD0DB /* Sources */,
				55069BFE1B813CBC00CDD0DB /* Frameworks */,
				55069BFF1B813CBC00CDD0DB /* Resources */,
			);
			buildRules = (
			);
			dependencies = (
			);
			name = Interconnect;
			productName = Interconnect;
			productReference = 55069C011B813CBC00CDD0DB /* Interconnect.app */;
			productType = "com.apple.product-type.application";
		};
		55069C131B813CBC00CDD0DB /* InterconnectTests */ = {
			isa = PBXNativeTarget;
			buildConfigurationList = 55069C211B813CBC00CDD0DB /* Build configuration list for PBXNativeTarget "InterconnectTests" */;
			buildPhases = (
				55069C101B813CBC00CDD0DB /* Sources */,
				55069C111B813CBC00CDD0DB /* Frameworks */,
				55069C121B813CBC00CDD0DB /* Resources */,
			);
			buildRules = (
			);
			dependencies = (
				55069C161B813CBC00CDD0DB /* PBXTargetDependency */,
			);
			name = InterconnectTests;
			productName = InterconnectTests;
			productReference = 55069C141B813CBC00CDD0DB /* InterconnectTests.xctest */;
			productType = "com.apple.product-type.bundle.unit-test";
		};
/* End PBXNativeTarget section */

/* Begin PBXProject section */
		55069BF91B813CBC00CDD0DB /* Project object */ = {
			isa = PBXProject;
			attributes = {
				LastUpgradeCheck = 0640;
				ORGANIZATIONNAME = "Uli Kusterer";
				TargetAttributes = {
					55069C001B813CBC00CDD0DB = {
						CreatedOnToolsVersion = 6.4;
					};
					55069C131B813CBC00CDD0DB = {
						CreatedOnToolsVersion = 6.4;
						TestTargetID = 55069C001B813CBC00CDD0DB;
					};
				};
			};
			buildConfigurationList = 55069BFC1B813CBC00CDD0DB /* Build configuration list for PBXProject "Interconnect" */;
			compatibilityVersion = "Xcode 3.2";
			developmentRegion = English;
			hasScannedForEncodings = 0;
			knownRegions = (
				en,
				Base,
			);
			mainGroup = 55069BF81B813CBC00CDD0DB;
			productRefGroup = 55069C021B813CBC00CDD0DB /* Products */;
			projectDirPath = "";
			projectRoot = "";
			targets = (
				55069C001B813CBC00CDD0DB /* Interconnect */,
				55069C131B813CBC00CDD0DB /* InterconnectTests */,
			);
		};
/* End PBXProject section */

/* Begin PBXResourcesBuildPhase section */
		55069BFF1B813CBC00CDD0DB /* Resources */ = {
			isa = PBXResourcesBuildPhase;
			buildActionMask = 2147483647;
			files = (
				554509541B87FE010037DCF5 /* SterntalerWalkAnimationR3.png in Resources */,
				5545094F1B87FE010037DCF5 /* SterntalerWalkAnimation1.png in Resources */,
				554509581B87FE010037DCF5 /* SterntalerWalkAnimationR5.png in Resources */,
				55069C0C1B813CBC00CDD0DB /* Images.xcassets in Resources */,
				554509561B87FE010037DCF5 /* SterntalerWalkAnimationR4.png in Resources */,
				554509551B87FE010037DCF5 /* SterntalerWalkAnimation4.png in Resources */,
				554509501B87FE010037DCF5 /* SterntalerWalkAnimationR1.png in Resources */,
				554509521B87FE010037DCF5 /* SterntalerWalkAnimationR2.png in Resources */,
				554509571B87FE010037DCF5 /* SterntalerWalkAnimation5.png in Resources */,
				554509511B87FE010037DCF5 /* SterntalerWalkAnimation2.png in Resources */,
				55069C0F1B813CBC00CDD0DB /* MainMenu.xib in Resources */,
				554509531B87FE010037DCF5 /* SterntalerWalkAnimation3.png in Resources */,
			);
			runOnlyForDeploymentPostprocessing = 0;
		};
		55069C121B813CBC00CDD0DB /* Resources */ = {
			isa = PBXResourcesBuildPhase;
			buildActionMask = 2147483647;
			files = (
			);
			runOnlyForDeploymentPostprocessing = 0;
		};
/* End PBXResourcesBuildPhase section */

/* Begin PBXSourcesBuildPhase section */
		55069BFD1B813CBC00CDD0DB /* Sources */ = {
			isa = PBXSourcesBuildPhase;
			buildActionMask = 2147483647;
			files = (
				55A82B471B86A9FE00E21718 /* ICGGameView.m in Sources */,
				55069C0A1B813CBC00CDD0DB /* main.m in Sources */,
				55069C081B813CBC00CDD0DB /* ICGAppDelegate.m in Sources */,
				557DBEEC1B88A3F200470F05 /* ICGAnimation.m in Sources */,
				557247271B87D8A300747C6A /* ICGGameItem.m in Sources */,
				557247241B87D83B00747C6A /* ICGGameTool.m in Sources */,
				557DBEE81B88877800470F05 /* ICGActor.m in Sources */,
			);
			runOnlyForDeploymentPostprocessing = 0;
		};
		55069C101B813CBC00CDD0DB /* Sources */ = {
			isa = PBXSourcesBuildPhase;
			buildActionMask = 2147483647;
			files = (
				55069C1B1B813CBC00CDD0DB /* InterconnectTests.m in Sources */,
			);
			runOnlyForDeploymentPostprocessing = 0;
		};
/* End PBXSourcesBuildPhase section */

/* Begin PBXTargetDependency section */
		55069C161B813CBC00CDD0DB /* PBXTargetDependency */ = {
			isa = PBXTargetDependency;
			target = 55069C001B813CBC00CDD0DB /* Interconnect */;
			targetProxy = 55069C151B813CBC00CDD0DB /* PBXContainerItemProxy */;
		};
/* End PBXTargetDependency section */

/* Begin PBXVariantGroup section */
		55069C0D1B813CBC00CDD0DB /* MainMenu.xib */ = {
			isa = PBXVariantGroup;
			children = (
				55069C0E1B813CBC00CDD0DB /* Base */,
			);
			name = MainMenu.xib;
			sourceTree = "<group>";
		};
/* End PBXVariantGroup section */

/* Begin XCBuildConfiguration section */
		55069C1C1B813CBC00CDD0DB /* Debug */ = {
			isa = XCBuildConfiguration;
			buildSettings = {
				ALWAYS_SEARCH_USER_PATHS = NO;
				CLANG_CXX_LANGUAGE_STANDARD = "gnu++0x";
				CLANG_CXX_LIBRARY = "libc++";
				CLANG_ENABLE_MODULES = YES;
				CLANG_ENABLE_OBJC_ARC = YES;
				CLANG_WARN_BOOL_CONVERSION = YES;
				CLANG_WARN_CONSTANT_CONVERSION = YES;
				CLANG_WARN_DIRECT_OBJC_ISA_USAGE = YES_ERROR;
				CLANG_WARN_EMPTY_BODY = YES;
				CLANG_WARN_ENUM_CONVERSION = YES;
				CLANG_WARN_INT_CONVERSION = YES;
				CLANG_WARN_OBJC_ROOT_CLASS = YES_ERROR;
				CLANG_WARN_UNREACHABLE_CODE = YES;
				CLANG_WARN__DUPLICATE_METHOD_MATCH = YES;
				CODE_SIGN_IDENTITY = "-";
				COPY_PHASE_STRIP = NO;
				DEBUG_INFORMATION_FORMAT = dwarf;
				ENABLE_STRICT_OBJC_MSGSEND = YES;
				GCC_C_LANGUAGE_STANDARD = gnu99;
				GCC_DYNAMIC_NO_PIC = NO;
				GCC_NO_COMMON_BLOCKS = YES;
				GCC_OPTIMIZATION_LEVEL = 0;
				GCC_PREPROCESSOR_DEFINITIONS = (
					"DEBUG=1",
					"$(inherited)",
				);
				GCC_SYMBOLS_PRIVATE_EXTERN = NO;
				GCC_WARN_64_TO_32_BIT_CONVERSION = YES;
				GCC_WARN_ABOUT_RETURN_TYPE = YES_ERROR;
				GCC_WARN_UNDECLARED_SELECTOR = YES;
				GCC_WARN_UNINITIALIZED_AUTOS = YES_AGGRESSIVE;
				GCC_WARN_UNUSED_FUNCTION = YES;
				GCC_WARN_UNUSED_VARIABLE = YES;
				MACOSX_DEPLOYMENT_TARGET = 10.10;
				MTL_ENABLE_DEBUG_INFO = YES;
				ONLY_ACTIVE_ARCH = YES;
				SDKROOT = macosx;
			};
			name = Debug;
		};
		55069C1D1B813CBC00CDD0DB /* Release */ = {
			isa = XCBuildConfiguration;
			buildSettings = {
				ALWAYS_SEARCH_USER_PATHS = NO;
				CLANG_CXX_LANGUAGE_STANDARD = "gnu++0x";
				CLANG_CXX_LIBRARY = "libc++";
				CLANG_ENABLE_MODULES = YES;
				CLANG_ENABLE_OBJC_ARC = YES;
				CLANG_WARN_BOOL_CONVERSION = YES;
				CLANG_WARN_CONSTANT_CONVERSION = YES;
				CLANG_WARN_DIRECT_OBJC_ISA_USAGE = YES_ERROR;
				CLANG_WARN_EMPTY_BODY = YES;
				CLANG_WARN_ENUM_CONVERSION = YES;
				CLANG_WARN_INT_CONVERSION = YES;
				CLANG_WARN_OBJC_ROOT_CLASS = YES_ERROR;
				CLANG_WARN_UNREACHABLE_CODE = YES;
				CLANG_WARN__DUPLICATE_METHOD_MATCH = YES;
				CODE_SIGN_IDENTITY = "-";
				COPY_PHASE_STRIP = NO;
				DEBUG_INFORMATION_FORMAT = "dwarf-with-dsym";
				ENABLE_NS_ASSERTIONS = NO;
				ENABLE_STRICT_OBJC_MSGSEND = YES;
				GCC_C_LANGUAGE_STANDARD = gnu99;
				GCC_NO_COMMON_BLOCKS = YES;
				GCC_WARN_64_TO_32_BIT_CONVERSION = YES;
				GCC_WARN_ABOUT_RETURN_TYPE = YES_ERROR;
				GCC_WARN_UNDECLARED_SELECTOR = YES;
				GCC_WARN_UNINITIALIZED_AUTOS = YES_AGGRESSIVE;
				GCC_WARN_UNUSED_FUNCTION = YES;
				GCC_WARN_UNUSED_VARIABLE = YES;
				MACOSX_DEPLOYMENT_TARGET = 10.10;
				MTL_ENABLE_DEBUG_INFO = NO;
				SDKROOT = macosx;
			};
			name = Release;
		};
		55069C1F1B813CBC00CDD0DB /* Debug */ = {
			isa = XCBuildConfiguration;
			buildSettings = {
				ASSETCATALOG_COMPILER_APPICON_NAME = AppIcon;
				COMBINE_HIDPI_IMAGES = YES;
				INFOPLIST_FILE = Interconnect/Info.plist;
				LD_RUNPATH_SEARCH_PATHS = "$(inherited) @executable_path/../Frameworks";
				PRODUCT_NAME = "$(TARGET_NAME)";
			};
			name = Debug;
		};
		55069C201B813CBC00CDD0DB /* Release */ = {
			isa = XCBuildConfiguration;
			buildSettings = {
				ASSETCATALOG_COMPILER_APPICON_NAME = AppIcon;
				COMBINE_HIDPI_IMAGES = YES;
				INFOPLIST_FILE = Interconnect/Info.plist;
				LD_RUNPATH_SEARCH_PATHS = "$(inherited) @executable_path/../Frameworks";
				PRODUCT_NAME = "$(TARGET_NAME)";
			};
			name = Release;
		};
		55069C221B813CBC00CDD0DB /* Debug */ = {
			isa = XCBuildConfiguration;
			buildSettings = {
				BUNDLE_LOADER = "$(TEST_HOST)";
				COMBINE_HIDPI_IMAGES = YES;
				FRAMEWORK_SEARCH_PATHS = (
					"$(DEVELOPER_FRAMEWORKS_DIR)",
					"$(inherited)",
				);
				GCC_PREPROCESSOR_DEFINITIONS = (
					"DEBUG=1",
					"$(inherited)",
				);
				INFOPLIST_FILE = InterconnectTests/Info.plist;
				LD_RUNPATH_SEARCH_PATHS = "$(inherited) @executable_path/../Frameworks @loader_path/../Frameworks";
				PRODUCT_NAME = "$(TARGET_NAME)";
				TEST_HOST = "$(BUILT_PRODUCTS_DIR)/Interconnect.app/Contents/MacOS/Interconnect";
			};
			name = Debug;
		};
		55069C231B813CBC00CDD0DB /* Release */ = {
			isa = XCBuildConfiguration;
			buildSettings = {
				BUNDLE_LOADER = "$(TEST_HOST)";
				COMBINE_HIDPI_IMAGES = YES;
				FRAMEWORK_SEARCH_PATHS = (
					"$(DEVELOPER_FRAMEWORKS_DIR)",
					"$(inherited)",
				);
				INFOPLIST_FILE = InterconnectTests/Info.plist;
				LD_RUNPATH_SEARCH_PATHS = "$(inherited) @executable_path/../Frameworks @loader_path/../Frameworks";
				PRODUCT_NAME = "$(TARGET_NAME)";
				TEST_HOST = "$(BUILT_PRODUCTS_DIR)/Interconnect.app/Contents/MacOS/Interconnect";
			};
			name = Release;
		};
/* End XCBuildConfiguration section */

/* Begin XCConfigurationList section */
		55069BFC1B813CBC00CDD0DB /* Build configuration list for PBXProject "Interconnect" */ = {
			isa = XCConfigurationList;
			buildConfigurations = (
				55069C1C1B813CBC00CDD0DB /* Debug */,
				55069C1D1B813CBC00CDD0DB /* Release */,
			);
			defaultConfigurationIsVisible = 0;
			defaultConfigurationName = Release;
		};
		55069C1E1B813CBC00CDD0DB /* Build configuration list for PBXNativeTarget "Interconnect" */ = {
			isa = XCConfigurationList;
			buildConfigurations = (
				55069C1F1B813CBC00CDD0DB /* Debug */,
				55069C201B813CBC00CDD0DB /* Release */,
			);
			defaultConfigurationIsVisible = 0;
			defaultConfigurationName = Release;
		};
		55069C211B813CBC00CDD0DB /* Build configuration list for PBXNativeTarget "InterconnectTests" */ = {
			isa = XCConfigurationList;
			buildConfigurations = (
				55069C221B813CBC00CDD0DB /* Debug */,
				55069C231B813CBC00CDD0DB /* Release */,
			);
			defaultConfigurationIsVisible = 0;
			defaultConfigurationName = Release;
		};
/* End XCConfigurationList section */
	};
	rootObject = 55069BF91B813CBC00CDD0DB /* Project object */;
}
